
Microsoft Visual Studio Solution File, Format Version 12.00
# Visual Studio 15
VisualStudioVersion = 15.0.27703.2042
MinimumVisualStudioVersion = 10.0.40219.1
Project("{FAE04EC0-301F-11D3-BF4B-00C04F79EFBC}") = "WebApplication1", "WebApplication1\WebApplication1.csproj", "{B6B4CE4D-A263-45F8-8501-2D0A01CAF600}"
EndProject
Global
	GlobalSection(SolutionConfigurationPlatforms) = preSolution
		Debug|Any CPU = Debug|Any CPU
		Release|Any CPU = Release|Any CPU
	EndGlobalSection
	GlobalSection(ProjectConfigurationPlatforms) = postSolution
		{B6B4CE4D-A263-45F8-8501-2D0A01CAF600}.Debug|Any CPU.ActiveCfg = Debug|Any CPU
		{B6B4CE4D-A263-45F8-8501-2D0A01CAF600}.Debug|Any CPU.Build.0 = Debug|Any CPU
		{B6B4CE4D-A263-45F8-8501-2D0A01CAF600}.Release|Any CPU.ActiveCfg = Release|Any CPU
		{B6B4CE4D-A263-45F8-8501-2D0A01CAF600}.Release|Any CPU.Build.0 = Release|Any CPU
	EndGlobalSection
	GlobalSection(SolutionProperties) = preSolution
		HideSolutionNode = FALSE
	EndGlobalSection
	GlobalSection(ExtensibilityGlobals) = postSolution
		SolutionGuid = {5769DBD9-84D8-4E61-9164-0DB2F1A871BB}
	EndGlobalSection
EndGlobal
